
Microsoft Visual Studio Solution File, Format Version 12.00
# Visual Studio Version 17
VisualStudioVersion = 17.7.34031.279
MinimumVisualStudioVersion = 10.0.40219.1
Project("{9A19103F-16F7-4668-BE54-9A1E7A4F7556}") = "LethalVibrations", "LethalVibrations\LethalVibrations.csproj", "{3366011F-F004-43C0-A928-4BDE5AA79430}"
EndProject
Global
	GlobalSection(SolutionConfigurationPlatforms) = preSolution
		Debug|Any CPU = Debug|Any CPU
		Release|Any CPU = Release|Any CPU
	EndGlobalSection
	GlobalSection(ProjectConfigurationPlatforms) = postSolution
		{3366011F-F004-43C0-A928-4BDE5AA79430}.Debug|Any CPU.ActiveCfg = Debug|Any CPU
		{3366011F-F004-43C0-A928-4BDE5AA79430}.Debug|Any CPU.Build.0 = Debug|Any CPU
		{3366011F-F004-43C0-A928-4BDE5AA79430}.Release|Any CPU.ActiveCfg = Release|Any CPU
		{3366011F-F004-43C0-A928-4BDE5AA79430}.Release|Any CPU.Build.0 = Release|Any CPU
	EndGlobalSection
	GlobalSection(SolutionProperties) = preSolution
		HideSolutionNode = FALSE
	EndGlobalSection
	GlobalSection(ExtensibilityGlobals) = postSolution
		SolutionGuid = {241AE5E1-D57D-4676-B7D5-523DC1A7E306}
	EndGlobalSection
EndGlobal
